
Microsoft Visual Studio Solution File, Format Version 12.00
# Visual Studio Version 17
VisualStudioVersion = 17.13.35931.197 d17.13
MinimumVisualStudioVersion = 10.0.40219.1
Project("{FAE04EC0-301F-11D3-BF4B-00C04F79EFBC}") = "ArrayActivity", "ArrayActivity.csproj", "{0842D8B9-B431-4FB1-BDB8-44684D02DBA2}"
EndProject
Project("{FAE04EC0-301F-11D3-BF4B-00C04F79EFBC}") = "ActivityOutputs", "..\ActivityOutputs\ActivityOutputs.csproj", "{BD9476AC-F4DF-4699-8C0A-D9E9D9CD3F4B}"
EndProject
Global
	GlobalSection(SolutionConfigurationPlatforms) = preSolution
		Debug|Any CPU = Debug|Any CPU
		Release|Any CPU = Release|Any CPU
	EndGlobalSection
	GlobalSection(ProjectConfigurationPlatforms) = postSolution
		{0842D8B9-B431-4FB1-BDB8-44684D02DBA2}.Debug|Any CPU.ActiveCfg = Debug|Any CPU
		{0842D8B9-B431-4FB1-BDB8-44684D02DBA2}.Debug|Any CPU.Build.0 = Debug|Any CPU
		{0842D8B9-B431-4FB1-BDB8-44684D02DBA2}.Release|Any CPU.ActiveCfg = Release|Any CPU
		{0842D8B9-B431-4FB1-BDB8-44684D02DBA2}.Release|Any CPU.Build.0 = Release|Any CPU
		{BD9476AC-F4DF-4699-8C0A-D9E9D9CD3F4B}.Debug|Any CPU.ActiveCfg = Debug|Any CPU
		{BD9476AC-F4DF-4699-8C0A-D9E9D9CD3F4B}.Debug|Any CPU.Build.0 = Debug|Any CPU
		{BD9476AC-F4DF-4699-8C0A-D9E9D9CD3F4B}.Release|Any CPU.ActiveCfg = Release|Any CPU
		{BD9476AC-F4DF-4699-8C0A-D9E9D9CD3F4B}.Release|Any CPU.Build.0 = Release|Any CPU
	EndGlobalSection
	GlobalSection(SolutionProperties) = preSolution
		HideSolutionNode = FALSE
	EndGlobalSection
	GlobalSection(ExtensibilityGlobals) = postSolution
		SolutionGuid = {82F7AB58-FAAA-4270-AE0C-9A6CF61C67BB}
	EndGlobalSection
EndGlobal
